
Microsoft Visual Studio Solution File, Format Version 12.00
# Visual Studio Version 16
VisualStudioVersion = 16.0.34301.259
MinimumVisualStudioVersion = 10.0.40219.1
Project("{2150E333-8FDC-42A3-9474-1A3956D46DE8}") = "Solution Items", "Solution Items", "{C63BCD88-96FB-4D7D-ACC8-5785AD2B065C}"
	ProjectSection(SolutionItems) = preProject
		.gitignore = .gitignore
	EndProjectSection
EndProject
Project("{FAE04EC0-301F-11D3-BF4B-00C04F79EFBC}") = "AndOperator", "AndOperator\AndOperator.csproj", "{0913088C-951C-4C72-BF8D-E718F22F067D}"
EndProject
Project("{FAE04EC0-301F-11D3-BF4B-00C04F79EFBC}") = "AnotherOperators", "AnotherOperators\AnotherOperators.csproj", "{D7729FBF-0FEF-449D-BCBB-E6E42EA13D4E}"
EndProject
Project("{FAE04EC0-301F-11D3-BF4B-00C04F79EFBC}") = "AssignmentOperator", "AssignmentOperator\AssignmentOperator.csproj", "{4C55A4AC-FA85-4D2B-BC4B-1A3CC1785070}"
EndProject
Global
	GlobalSection(SolutionConfigurationPlatforms) = preSolution
		Debug|Any CPU = Debug|Any CPU
		Release|Any CPU = Release|Any CPU
	EndGlobalSection
	GlobalSection(ProjectConfigurationPlatforms) = postSolution
		{0913088C-951C-4C72-BF8D-E718F22F067D}.Debug|Any CPU.ActiveCfg = Debug|Any CPU
		{0913088C-951C-4C72-BF8D-E718F22F067D}.Debug|Any CPU.Build.0 = Debug|Any CPU
		{0913088C-951C-4C72-BF8D-E718F22F067D}.Release|Any CPU.ActiveCfg = Release|Any CPU
		{0913088C-951C-4C72-BF8D-E718F22F067D}.Release|Any CPU.Build.0 = Release|Any CPU
		{D7729FBF-0FEF-449D-BCBB-E6E42EA13D4E}.Debug|Any CPU.ActiveCfg = Debug|Any CPU
		{D7729FBF-0FEF-449D-BCBB-E6E42EA13D4E}.Debug|Any CPU.Build.0 = Debug|Any CPU
		{D7729FBF-0FEF-449D-BCBB-E6E42EA13D4E}.Release|Any CPU.ActiveCfg = Release|Any CPU
		{D7729FBF-0FEF-449D-BCBB-E6E42EA13D4E}.Release|Any CPU.Build.0 = Release|Any CPU
		{4C55A4AC-FA85-4D2B-BC4B-1A3CC1785070}.Debug|Any CPU.ActiveCfg = Debug|Any CPU
		{4C55A4AC-FA85-4D2B-BC4B-1A3CC1785070}.Debug|Any CPU.Build.0 = Debug|Any CPU
		{4C55A4AC-FA85-4D2B-BC4B-1A3CC1785070}.Release|Any CPU.ActiveCfg = Release|Any CPU
		{4C55A4AC-FA85-4D2B-BC4B-1A3CC1785070}.Release|Any CPU.Build.0 = Release|Any CPU
	EndGlobalSection
	GlobalSection(SolutionProperties) = preSolution
		HideSolutionNode = FALSE
	EndGlobalSection
	GlobalSection(ExtensibilityGlobals) = postSolution
		SolutionGuid = {01B6E038-996E-4AF1-89B5-A1DD4D7C77C9}
	EndGlobalSection
EndGlobal
